// !$*UTF8*$!
{
	archiveVersion = 1;
	classes = {
	};
	objectVersion = 46;
	objects = {

/* Begin PBXBuildFile section */
		5D5DA2011B703F1300056A3D /* GradientView.swift in Sources */ = {isa = PBXBuildFile; fileRef = 5D5DA2001B703F1300056A3D /* GradientView.swift */; };
		5D78AF011B686313009AB3B0 /* LoadingCell.xib in Resources */ = {isa = PBXBuildFile; fileRef = 5D78AF001B686313009AB3B0 /* LoadingCell.xib */; };
		5DA038A41B6B019500A46A45 /* UIImageView+DownloadingImage.swift in Sources */ = {isa = PBXBuildFile; fileRef = 5DA038A31B6B019500A46A45 /* UIImageView+DownloadingImage.swift */; };
		5DAF82FE1B57495D007F8E7B /* AppDelegate.swift in Sources */ = {isa = PBXBuildFile; fileRef = 5DAF82FD1B57495D007F8E7B /* AppDelegate.swift */; };
		5DAF83001B57495D007F8E7B /* SearchViewController.swift in Sources */ = {isa = PBXBuildFile; fileRef = 5DAF82FF1B57495D007F8E7B /* SearchViewController.swift */; };
		5DAF83031B57495D007F8E7B /* Main.storyboard in Resources */ = {isa = PBXBuildFile; fileRef = 5DAF83011B57495D007F8E7B /* Main.storyboard */; };
		5DAF83051B57495D007F8E7B /* Images.xcassets in Resources */ = {isa = PBXBuildFile; fileRef = 5DAF83041B57495D007F8E7B /* Images.xcassets */; };
		5DAF83141B57495D007F8E7B /* StoreSearchTests.swift in Sources */ = {isa = PBXBuildFile; fileRef = 5DAF83131B57495D007F8E7B /* StoreSearchTests.swift */; };
		5DB5329E1B57FE2100D2E086 /* SearchResult.swift in Sources */ = {isa = PBXBuildFile; fileRef = 5DB5329D1B57FE2100D2E086 /* SearchResult.swift */; };
		5DB532A01B58799700D2E086 /* SearchResultCell.xib in Resources */ = {isa = PBXBuildFile; fileRef = 5DB5329F1B58799700D2E086 /* SearchResultCell.xib */; };
		5DB532A21B587FED00D2E086 /* SearchResultCell.swift in Sources */ = {isa = PBXBuildFile; fileRef = 5DB532A11B587FED00D2E086 /* SearchResultCell.swift */; };
		5DB532A41B5883AB00D2E086 /* NothingFoundCell.xib in Resources */ = {isa = PBXBuildFile; fileRef = 5DB532A31B5883AB00D2E086 /* NothingFoundCell.xib */; };
		5DE974CB1B71AE9200F62080 /* BounceAnimationController.swift in Sources */ = {isa = PBXBuildFile; fileRef = 5DE974CA1B71AE9200F62080 /* BounceAnimationController.swift */; };
		5DE974CD1B71B97200F62080 /* SlideOutAnimationController.swift in Sources */ = {isa = PBXBuildFile; fileRef = 5DE974CC1B71B97200F62080 /* SlideOutAnimationController.swift */; };
		5DFB9B031B6C1DB4003CDECE /* DetailViewController.swift in Sources */ = {isa = PBXBuildFile; fileRef = 5DFB9B021B6C1DB4003CDECE /* DetailViewController.swift */; };
		5DFB9B051B6C2579003CDECE /* DimmingPresentationController.swift in Sources */ = {isa = PBXBuildFile; fileRef = 5DFB9B041B6C2579003CDECE /* DimmingPresentationController.swift */; };
/* End PBXBuildFile section */

/* Begin PBXContainerItemProxy section */
		5DAF830E1B57495D007F8E7B /* PBXContainerItemProxy */ = {
			isa = PBXContainerItemProxy;
			containerPortal = 5DAF82F01B57495D007F8E7B /* Project object */;
			proxyType = 1;
			remoteGlobalIDString = 5DAF82F71B57495D007F8E7B;
			remoteInfo = StoreSearch;
		};
/* End PBXContainerItemProxy section */

/* Begin PBXFileReference section */
		5D5DA2001B703F1300056A3D /* GradientView.swift */ = {isa = PBXFileReference; fileEncoding = 4; lastKnownFileType = sourcecode.swift; path = GradientView.swift; sourceTree = "<group>"; };
		5D78AF001B686313009AB3B0 /* LoadingCell.xib */ = {isa = PBXFileReference; fileEncoding = 4; lastKnownFileType = file.xib; path = LoadingCell.xib; sourceTree = "<group>"; };
		5DA038A31B6B019500A46A45 /* UIImageView+DownloadingImage.swift */ = {isa = PBXFileReference; fileEncoding = 4; lastKnownFileType = sourcecode.swift; path = "UIImageView+DownloadingImage.swift"; sourceTree = "<group>"; };
		5DAF82F81B57495D007F8E7B /* StoreSearch.app */ = {isa = PBXFileReference; explicitFileType = wrapper.application; includeInIndex = 0; path = StoreSearch.app; sourceTree = BUILT_PRODUCTS_DIR; };
		5DAF82FC1B57495D007F8E7B /* Info.plist */ = {isa = PBXFileReference; lastKnownFileType = text.plist.xml; path = Info.plist; sourceTree = "<group>"; };
		5DAF82FD1B57495D007F8E7B /* AppDelegate.swift */ = {isa = PBXFileReference; lastKnownFileType = sourcecode.swift; path = AppDelegate.swift; sourceTree = "<group>"; };
		5DAF82FF1B57495D007F8E7B /* SearchViewController.swift */ = {isa = PBXFileReference; lastKnownFileType = sourcecode.swift; path = SearchViewController.swift; sourceTree = "<group>"; };
		5DAF83021B57495D007F8E7B /* Base */ = {isa = PBXFileReference; lastKnownFileType = file.storyboard; name = Base; path = Base.lproj/Main.storyboard; sourceTree = "<group>"; };
		5DAF83041B57495D007F8E7B /* Images.xcassets */ = {isa = PBXFileReference; lastKnownFileType = folder.assetcatalog; path = Images.xcassets; sourceTree = "<group>"; };
		5DAF830D1B57495D007F8E7B /* StoreSearchTests.xctest */ = {isa = PBXFileReference; explicitFileType = wrapper.cfbundle; includeInIndex = 0; path = StoreSearchTests.xctest; sourceTree = BUILT_PRODUCTS_DIR; };
		5DAF83121B57495D007F8E7B /* Info.plist */ = {isa = PBXFileReference; lastKnownFileType = text.plist.xml; path = Info.plist; sourceTree = "<group>"; };
		5DAF83131B57495D007F8E7B /* StoreSearchTests.swift */ = {isa = PBXFileReference; lastKnownFileType = sourcecode.swift; path = StoreSearchTests.swift; sourceTree = "<group>"; };
		5DB5329D1B57FE2100D2E086 /* SearchResult.swift */ = {isa = PBXFileReference; fileEncoding = 4; lastKnownFileType = sourcecode.swift; path = SearchResult.swift; sourceTree = "<group>"; };
		5DB5329F1B58799700D2E086 /* SearchResultCell.xib */ = {isa = PBXFileReference; fileEncoding = 4; lastKnownFileType = file.xib; path = SearchResultCell.xib; sourceTree = "<group>"; };
		5DB532A11B587FED00D2E086 /* SearchResultCell.swift */ = {isa = PBXFileReference; fileEncoding = 4; lastKnownFileType = sourcecode.swift; path = SearchResultCell.swift; sourceTree = "<group>"; };
		5DB532A31B5883AB00D2E086 /* NothingFoundCell.xib */ = {isa = PBXFileReference; fileEncoding = 4; lastKnownFileType = file.xib; path = NothingFoundCell.xib; sourceTree = "<group>"; };
		5DE974CA1B71AE9200F62080 /* BounceAnimationController.swift */ = {isa = PBXFileReference; fileEncoding = 4; lastKnownFileType = sourcecode.swift; path = BounceAnimationController.swift; sourceTree = "<group>"; };
		5DE974CC1B71B97200F62080 /* SlideOutAnimationController.swift */ = {isa = PBXFileReference; fileEncoding = 4; lastKnownFileType = sourcecode.swift; path = SlideOutAnimationController.swift; sourceTree = "<group>"; };
		5DFB9B021B6C1DB4003CDECE /* DetailViewController.swift */ = {isa = PBXFileReference; fileEncoding = 4; lastKnownFileType = sourcecode.swift; path = DetailViewController.swift; sourceTree = "<group>"; };
		5DFB9B041B6C2579003CDECE /* DimmingPresentationController.swift */ = {isa = PBXFileReference; fileEncoding = 4; lastKnownFileType = sourcecode.swift; path = DimmingPresentationController.swift; sourceTree = "<group>"; };
/* End PBXFileReference section */

/* Begin PBXFrameworksBuildPhase section */
		5DAF82F51B57495D007F8E7B /* Frameworks */ = {
			isa = PBXFrameworksBuildPhase;
			buildActionMask = 2147483647;
			files = (
			);
			runOnlyForDeploymentPostprocessing = 0;
		};
		5DAF830A1B57495D007F8E7B /* Frameworks */ = {
			isa = PBXFrameworksBuildPhase;
			buildActionMask = 2147483647;
			files = (
			);
			runOnlyForDeploymentPostprocessing = 0;
		};
/* End PBXFrameworksBuildPhase section */

/* Begin PBXGroup section */
		5DAF82EF1B57495D007F8E7B = {
			isa = PBXGroup;
			children = (
				5DAF82FA1B57495D007F8E7B /* StoreSearch */,
				5DAF83101B57495D007F8E7B /* StoreSearchTests */,
				5DAF82F91B57495D007F8E7B /* Products */,
			);
			sourceTree = "<group>";
		};
		5DAF82F91B57495D007F8E7B /* Products */ = {
			isa = PBXGroup;
			children = (
				5DAF82F81B57495D007F8E7B /* StoreSearch.app */,
				5DAF830D1B57495D007F8E7B /* StoreSearchTests.xctest */,
			);
			name = Products;
			sourceTree = "<group>";
		};
		5DAF82FA1B57495D007F8E7B /* StoreSearch */ = {
			isa = PBXGroup;
			children = (
				5DAF82FD1B57495D007F8E7B /* AppDelegate.swift */,
				5DE974CA1B71AE9200F62080 /* BounceAnimationController.swift */,
				5DE974CC1B71B97200F62080 /* SlideOutAnimationController.swift */,
				5DFB9B021B6C1DB4003CDECE /* DetailViewController.swift */,
				5DFB9B041B6C2579003CDECE /* DimmingPresentationController.swift */,
				5D5DA2001B703F1300056A3D /* GradientView.swift */,
				5DAF82FF1B57495D007F8E7B /* SearchViewController.swift */,
				5DB5329D1B57FE2100D2E086 /* SearchResult.swift */,
				5DB532A11B587FED00D2E086 /* SearchResultCell.swift */,
				5DA038A31B6B019500A46A45 /* UIImageView+DownloadingImage.swift */,
				5DAF83011B57495D007F8E7B /* Main.storyboard */,
				5DAF83041B57495D007F8E7B /* Images.xcassets */,
				5DB5329F1B58799700D2E086 /* SearchResultCell.xib */,
				5DB532A31B5883AB00D2E086 /* NothingFoundCell.xib */,
				5D78AF001B686313009AB3B0 /* LoadingCell.xib */,
				5DAF82FB1B57495D007F8E7B /* Supporting Files */,
			);
			path = StoreSearch;
			sourceTree = "<group>";
		};
		5DAF82FB1B57495D007F8E7B /* Supporting Files */ = {
			isa = PBXGroup;
			children = (
				5DAF82FC1B57495D007F8E7B /* Info.plist */,
			);
			name = "Supporting Files";
			sourceTree = "<group>";
		};
		5DAF83101B57495D007F8E7B /* StoreSearchTests */ = {
			isa = PBXGroup;
			children = (
				5DAF83131B57495D007F8E7B /* StoreSearchTests.swift */,
				5DAF83111B57495D007F8E7B /* Supporting Files */,
			);
			path = StoreSearchTests;
			sourceTree = "<group>";
		};
		5DAF83111B57495D007F8E7B /* Supporting Files */ = {
			isa = PBXGroup;
			children = (
				5DAF83121B57495D007F8E7B /* Info.plist */,
			);
			name = "Supporting Files";
			sourceTree = "<group>";
		};
/* End PBXGroup section */

/* Begin PBXNativeTarget section */
		5DAF82F71B57495D007F8E7B /* StoreSearch */ = {
			isa = PBXNativeTarget;
			buildConfigurationList = 5DAF83171B57495D007F8E7B /* Build configuration list for PBXNativeTarget "StoreSearch" */;
			buildPhases = (
				5DAF82F41B57495D007F8E7B /* Sources */,
				5DAF82F51B57495D007F8E7B /* Frameworks */,
				5DAF82F61B57495D007F8E7B /* Resources */,
			);
			buildRules = (
			);
			dependencies = (
			);
			name = StoreSearch;
			productName = StoreSearch;
			productReference = 5DAF82F81B57495D007F8E7B /* StoreSearch.app */;
			productType = "com.apple.product-type.application";
		};
		5DAF830C1B57495D007F8E7B /* StoreSearchTests */ = {
			isa = PBXNativeTarget;
			buildConfigurationList = 5DAF831A1B57495D007F8E7B /* Build configuration list for PBXNativeTarget "StoreSearchTests" */;
			buildPhases = (
				5DAF83091B57495D007F8E7B /* Sources */,
				5DAF830A1B57495D007F8E7B /* Frameworks */,
				5DAF830B1B57495D007F8E7B /* Resources */,
			);
			buildRules = (
			);
			dependencies = (
				5DAF830F1B57495D007F8E7B /* PBXTargetDependency */,
			);
			name = StoreSearchTests;
			productName = StoreSearchTests;
			productReference = 5DAF830D1B57495D007F8E7B /* StoreSearchTests.xctest */;
			productType = "com.apple.product-type.bundle.unit-test";
		};
/* End PBXNativeTarget section */

/* Begin PBXProject section */
		5DAF82F01B57495D007F8E7B /* Project object */ = {
			isa = PBXProject;
			attributes = {
				LastUpgradeCheck = 0640;
				ORGANIZATIONNAME = "Joel Rorseth";
				TargetAttributes = {
					5DAF82F71B57495D007F8E7B = {
						CreatedOnToolsVersion = 6.4;
					};
					5DAF830C1B57495D007F8E7B = {
						CreatedOnToolsVersion = 6.4;
						TestTargetID = 5DAF82F71B57495D007F8E7B;
					};
				};
			};
			buildConfigurationList = 5DAF82F31B57495D007F8E7B /* Build configuration list for PBXProject "StoreSearch" */;
			compatibilityVersion = "Xcode 3.2";
			developmentRegion = English;
			hasScannedForEncodings = 0;
			knownRegions = (
				en,
				Base,
			);
			mainGroup = 5DAF82EF1B57495D007F8E7B;
			productRefGroup = 5DAF82F91B57495D007F8E7B /* Products */;
			projectDirPath = "";
			projectRoot = "";
			targets = (
				5DAF82F71B57495D007F8E7B /* StoreSearch */,
				5DAF830C1B57495D007F8E7B /* StoreSearchTests */,
			);
		};
/* End PBXProject section */

/* Begin PBXResourcesBuildPhase section */
		5DAF82F61B57495D007F8E7B /* Resources */ = {
			isa = PBXResourcesBuildPhase;
			buildActionMask = 2147483647;
			files = (
				5DAF83031B57495D007F8E7B /* Main.storyboard in Resources */,
				5D78AF011B686313009AB3B0 /* LoadingCell.xib in Resources */,
				5DB532A01B58799700D2E086 /* SearchResultCell.xib in Resources */,
				5DB532A41B5883AB00D2E086 /* NothingFoundCell.xib in Resources */,
				5DAF83051B57495D007F8E7B /* Images.xcassets in Resources */,
			);
			runOnlyForDeploymentPostprocessing = 0;
		};
		5DAF830B1B57495D007F8E7B /* Resources */ = {
			isa = PBXResourcesBuildPhase;
			buildActionMask = 2147483647;
			files = (
			);
			runOnlyForDeploymentPostprocessing = 0;
		};
/* End PBXResourcesBuildPhase section */

/* Begin PBXSourcesBuildPhase section */
		5DAF82F41B57495D007F8E7B /* Sources */ = {
			isa = PBXSourcesBuildPhase;
			buildActionMask = 2147483647;
			files = (
				5DAF83001B57495D007F8E7B /* SearchViewController.swift in Sources */,
				5DFB9B051B6C2579003CDECE /* DimmingPresentationController.swift in Sources */,
				5DB5329E1B57FE2100D2E086 /* SearchResult.swift in Sources */,
				5DA038A41B6B019500A46A45 /* UIImageView+DownloadingImage.swift in Sources */,
				5DE974CB1B71AE9200F62080 /* BounceAnimationController.swift in Sources */,
				5DFB9B031B6C1DB4003CDECE /* DetailViewController.swift in Sources */,
				5DB532A21B587FED00D2E086 /* SearchResultCell.swift in Sources */,
				5D5DA2011B703F1300056A3D /* GradientView.swift in Sources */,
				5DAF82FE1B57495D007F8E7B /* AppDelegate.swift in Sources */,
				5DE974CD1B71B97200F62080 /* SlideOutAnimationController.swift in Sources */,
			);
			runOnlyForDeploymentPostprocessing = 0;
		};
		5DAF83091B57495D007F8E7B /* Sources */ = {
			isa = PBXSourcesBuildPhase;
			buildActionMask = 2147483647;
			files = (
				5DAF83141B57495D007F8E7B /* StoreSearchTests.swift in Sources */,
			);
			runOnlyForDeploymentPostprocessing = 0;
		};
/* End PBXSourcesBuildPhase section */

/* Begin PBXTargetDependency section */
		5DAF830F1B57495D007F8E7B /* PBXTargetDependency */ = {
			isa = PBXTargetDependency;
			target = 5DAF82F71B57495D007F8E7B /* StoreSearch */;
			targetProxy = 5DAF830E1B57495D007F8E7B /* PBXContainerItemProxy */;
		};
/* End PBXTargetDependency section */

/* Begin PBXVariantGroup section */
		5DAF83011B57495D007F8E7B /* Main.storyboard */ = {
			isa = PBXVariantGroup;
			children = (
				5DAF83021B57495D007F8E7B /* Base */,
			);
			name = Main.storyboard;
			sourceTree = "<group>";
		};
/* End PBXVariantGroup section */

/* Begin XCBuildConfiguration section */
		5DAF83151B57495D007F8E7B /* Debug */ = {
			isa = XCBuildConfiguration;
			buildSettings = {
				ALWAYS_SEARCH_USER_PATHS = NO;
				CLANG_CXX_LANGUAGE_STANDARD = "gnu++0x";
				CLANG_CXX_LIBRARY = "libc++";
				CLANG_ENABLE_MODULES = YES;
				CLANG_ENABLE_OBJC_ARC = YES;
				CLANG_WARN_BOOL_CONVERSION = YES;
				CLANG_WARN_CONSTANT_CONVERSION = YES;
				CLANG_WARN_DIRECT_OBJC_ISA_USAGE = YES_ERROR;
				CLANG_WARN_EMPTY_BODY = YES;
				CLANG_WARN_ENUM_CONVERSION = YES;
				CLANG_WARN_INT_CONVERSION = YES;
				CLANG_WARN_OBJC_ROOT_CLASS = YES_ERROR;
				CLANG_WARN_UNREACHABLE_CODE = YES;
				CLANG_WARN__DUPLICATE_METHOD_MATCH = YES;
				"CODE_SIGN_IDENTITY[sdk=iphoneos*]" = "iPhone Developer";
				COPY_PHASE_STRIP = NO;
				DEBUG_INFORMATION_FORMAT = "dwarf-with-dsym";
				ENABLE_STRICT_OBJC_MSGSEND = YES;
				GCC_C_LANGUAGE_STANDARD = gnu99;
				GCC_DYNAMIC_NO_PIC = NO;
				GCC_NO_COMMON_BLOCKS = YES;
				GCC_OPTIMIZATION_LEVEL = 0;
				GCC_PREPROCESSOR_DEFINITIONS = (
					"DEBUG=1",
					"$(inherited)",
				);
				GCC_SYMBOLS_PRIVATE_EXTERN = NO;
				GCC_WARN_64_TO_32_BIT_CONVERSION = YES;
				GCC_WARN_ABOUT_RETURN_TYPE = YES_ERROR;
				GCC_WARN_UNDECLARED_SELECTOR = YES;
				GCC_WARN_UNINITIALIZED_AUTOS = YES_AGGRESSIVE;
				GCC_WARN_UNUSED_FUNCTION = YES;
				GCC_WARN_UNUSED_VARIABLE = YES;
				IPHONEOS_DEPLOYMENT_TARGET = 8.4;
				MTL_ENABLE_DEBUG_INFO = YES;
				ONLY_ACTIVE_ARCH = YES;
				SDKROOT = iphoneos;
				SWIFT_OPTIMIZATION_LEVEL = "-Onone";
			};
			name = Debug;
		};
		5DAF83161B57495D007F8E7B /* Release */ = {
			isa = XCBuildConfiguration;
			buildSettings = {
				ALWAYS_SEARCH_USER_PATHS = NO;
				CLANG_CXX_LANGUAGE_STANDARD = "gnu++0x";
				CLANG_CXX_LIBRARY = "libc++";
				CLANG_ENABLE_MODULES = YES;
				CLANG_ENABLE_OBJC_ARC = YES;
				CLANG_WARN_BOOL_CONVERSION = YES;
				CLANG_WARN_CONSTANT_CONVERSION = YES;
				CLANG_WARN_DIRECT_OBJC_ISA_USAGE = YES_ERROR;
				CLANG_WARN_EMPTY_BODY = YES;
				CLANG_WARN_ENUM_CONVERSION = YES;
				CLANG_WARN_INT_CONVERSION = YES;
				CLANG_WARN_OBJC_ROOT_CLASS = YES_ERROR;
				CLANG_WARN_UNREACHABLE_CODE = YES;
				CLANG_WARN__DUPLICATE_METHOD_MATCH = YES;
				"CODE_SIGN_IDENTITY[sdk=iphoneos*]" = "iPhone Developer";
				COPY_PHASE_STRIP = NO;
				DEBUG_INFORMATION_FORMAT = "dwarf-with-dsym";
				ENABLE_NS_ASSERTIONS = NO;
				ENABLE_STRICT_OBJC_MSGSEND = YES;
				GCC_C_LANGUAGE_STANDARD = gnu99;
				GCC_NO_COMMON_BLOCKS = YES;
				GCC_WARN_64_TO_32_BIT_CONVERSION = YES;
				GCC_WARN_ABOUT_RETURN_TYPE = YES_ERROR;
				GCC_WARN_UNDECLARED_SELECTOR = YES;
				GCC_WARN_UNINITIALIZED_AUTOS = YES_AGGRESSIVE;
				GCC_WARN_UNUSED_FUNCTION = YES;
				GCC_WARN_UNUSED_VARIABLE = YES;
				IPHONEOS_DEPLOYMENT_TARGET = 8.4;
				MTL_ENABLE_DEBUG_INFO = NO;
				SDKROOT = iphoneos;
				VALIDATE_PRODUCT = YES;
			};
			name = Release;
		};
		5DAF83181B57495D007F8E7B /* Debug */ = {
			isa = XCBuildConfiguration;
			buildSettings = {
				ASSETCATALOG_COMPILER_APPICON_NAME = AppIcon;
				INFOPLIST_FILE = StoreSearch/Info.plist;
				LD_RUNPATH_SEARCH_PATHS = "$(inherited) @executable_path/Frameworks";
				PRODUCT_NAME = "$(TARGET_NAME)";
			};
			name = Debug;
		};
		5DAF83191B57495D007F8E7B /* Release */ = {
			isa = XCBuildConfiguration;
			buildSettings = {
				ASSETCATALOG_COMPILER_APPICON_NAME = AppIcon;
				INFOPLIST_FILE = StoreSearch/Info.plist;
				LD_RUNPATH_SEARCH_PATHS = "$(inherited) @executable_path/Frameworks";
				PRODUCT_NAME = "$(TARGET_NAME)";
			};
			name = Release;
		};
		5DAF831B1B57495D007F8E7B /* Debug */ = {
			isa = XCBuildConfiguration;
			buildSettings = {
				BUNDLE_LOADER = "$(TEST_HOST)";
				FRAMEWORK_SEARCH_PATHS = (
					"$(SDKROOT)/Developer/Library/Frameworks",
					"$(inherited)",
				);
				GCC_PREPROCESSOR_DEFINITIONS = (
					"DEBUG=1",
					"$(inherited)",
				);
				INFOPLIST_FILE = StoreSearchTests/Info.plist;
				LD_RUNPATH_SEARCH_PATHS = "$(inherited) @executable_path/Frameworks @loader_path/Frameworks";
				PRODUCT_NAME = "$(TARGET_NAME)";
				TEST_HOST = "$(BUILT_PRODUCTS_DIR)/StoreSearch.app/StoreSearch";
			};
			name = Debug;
		};
		5DAF831C1B57495D007F8E7B /* Release */ = {
			isa = XCBuildConfiguration;
			buildSettings = {
				BUNDLE_LOADER = "$(TEST_HOST)";
				FRAMEWORK_SEARCH_PATHS = (
					"$(SDKROOT)/Developer/Library/Frameworks",
					"$(inherited)",
				);
				INFOPLIST_FILE = StoreSearchTests/Info.plist;
				LD_RUNPATH_SEARCH_PATHS = "$(inherited) @executable_path/Frameworks @loader_path/Frameworks";
				PRODUCT_NAME = "$(TARGET_NAME)";
				TEST_HOST = "$(BUILT_PRODUCTS_DIR)/StoreSearch.app/StoreSearch";
			};
			name = Release;
		};
/* End XCBuildConfiguration section */

/* Begin XCConfigurationList section */
		5DAF82F31B57495D007F8E7B /* Build configuration list for PBXProject "StoreSearch" */ = {
			isa = XCConfigurationList;
			buildConfigurations = (
				5DAF83151B57495D007F8E7B /* Debug */,
				5DAF83161B57495D007F8E7B /* Release */,
			);
			defaultConfigurationIsVisible = 0;
			defaultConfigurationName = Release;
		};
		5DAF83171B57495D007F8E7B /* Build configuration list for PBXNativeTarget "StoreSearch" */ = {
			isa = XCConfigurationList;
			buildConfigurations = (
				5DAF83181B57495D007F8E7B /* Debug */,
				5DAF83191B57495D007F8E7B /* Release */,
			);
			defaultConfigurationIsVisible = 0;
			defaultConfigurationName = Release;
		};
		5DAF831A1B57495D007F8E7B /* Build configuration list for PBXNativeTarget "StoreSearchTests" */ = {
			isa = XCConfigurationList;
			buildConfigurations = (
				5DAF831B1B57495D007F8E7B /* Debug */,
				5DAF831C1B57495D007F8E7B /* Release */,
			);
			defaultConfigurationIsVisible = 0;
			defaultConfigurationName = Release;
		};
/* End XCConfigurationList section */
	};
	rootObject = 5DAF82F01B57495D007F8E7B /* Project object */;
}
